// !$*UTF8*$!
{
	archiveVersion = 1;
	classes = {
	};
	objectVersion = 56;
	objects = {

/* Begin PBXBuildFile section */
		06EC53EA2A4045DE0002265F /* MagsafnaApp.swift in Sources */ = {isa = PBXBuildFile; fileRef = 06EC53E92A4045DE0002265F /* MagsafnaApp.swift */; };
		06EC53EC2A4045DE0002265F /* ContentView.swift in Sources */ = {isa = PBXBuildFile; fileRef = 06EC53EB2A4045DE0002265F /* ContentView.swift */; };
		06EC53EE2A4045DF0002265F /* Assets.xcassets in Resources */ = {isa = PBXBuildFile; fileRef = 06EC53ED2A4045DF0002265F /* Assets.xcassets */; };
		06EC53F12A4045DF0002265F /* Preview Assets.xcassets in Resources */ = {isa = PBXBuildFile; fileRef = 06EC53F02A4045DF0002265F /* Preview Assets.xcassets */; };
		6A4CE1252A4064910093AFDD /* FirebaseAuth in Frameworks */ = {isa = PBXBuildFile; productRef = 6A4CE1242A4064910093AFDD /* FirebaseAuth */; };
		6A4CE1272A4064910093AFDD /* FirebaseFirestore in Frameworks */ = {isa = PBXBuildFile; productRef = 6A4CE1262A4064910093AFDD /* FirebaseFirestore */; };
		6A4CE12C2A40654B0093AFDD /* Play-Regular.ttf in Resources */ = {isa = PBXBuildFile; fileRef = 6A4CE1292A40654B0093AFDD /* Play-Regular.ttf */; };
		6A4CE12D2A40654B0093AFDD /* OFL.txt in Resources */ = {isa = PBXBuildFile; fileRef = 6A4CE12A2A40654B0093AFDD /* OFL.txt */; };
		6A4CE12E2A40654B0093AFDD /* Play-Bold.ttf in Resources */ = {isa = PBXBuildFile; fileRef = 6A4CE12B2A40654B0093AFDD /* Play-Bold.ttf */; };
		6A4CE1362A4065500093AFDD /* CreateAccountButton.swift in Sources */ = {isa = PBXBuildFile; fileRef = 6A4CE1302A4065500093AFDD /* CreateAccountButton.swift */; };
		6A4CE1372A4065500093AFDD /* ProfileHeader.swift in Sources */ = {isa = PBXBuildFile; fileRef = 6A4CE1312A4065500093AFDD /* ProfileHeader.swift */; };
		6A4CE1382A4065500093AFDD /* ResetPasswordView.swift in Sources */ = {isa = PBXBuildFile; fileRef = 6A4CE1322A4065500093AFDD /* ResetPasswordView.swift */; };
		6A4CE1392A4065500093AFDD /* SignOutView.swift in Sources */ = {isa = PBXBuildFile; fileRef = 6A4CE1332A4065500093AFDD /* SignOutView.swift */; };
		6A4CE13A2A4065500093AFDD /* GoogleButtonView.swift in Sources */ = {isa = PBXBuildFile; fileRef = 6A4CE1342A4065500093AFDD /* GoogleButtonView.swift */; };
		6A4CE13B2A4065500093AFDD /* Haptic.swift in Sources */ = {isa = PBXBuildFile; fileRef = 6A4CE1352A4065500093AFDD /* Haptic.swift */; };
		6A4CE1502A4065560093AFDD /* SplashScreenView.swift in Sources */ = {isa = PBXBuildFile; fileRef = 6A4CE13E2A4065560093AFDD /* SplashScreenView.swift */; };
		6A4CE1512A4065560093AFDD /* StartingView.swift in Sources */ = {isa = PBXBuildFile; fileRef = 6A4CE13F2A4065560093AFDD /* StartingView.swift */; };
		6A4CE1522A4065560093AFDD /* SignUpView.swift in Sources */ = {isa = PBXBuildFile; fileRef = 6A4CE1402A4065560093AFDD /* SignUpView.swift */; };
		6A4CE1532A4065560093AFDD /* OnboardingView.swift in Sources */ = {isa = PBXBuildFile; fileRef = 6A4CE1412A4065560093AFDD /* OnboardingView.swift */; };
		6A4CE1562A4065560093AFDD /* ProfileMView.swift in Sources */ = {isa = PBXBuildFile; fileRef = 6A4CE1452A4065560093AFDD /* ProfileMView.swift */; };
		6A4CE1582A4065560093AFDD /* TabBarMView.swift in Sources */ = {isa = PBXBuildFile; fileRef = 6A4CE1472A4065560093AFDD /* TabBarMView.swift */; };
		6A4CE1592A4065560093AFDD /* AddChildView.swift in Sources */ = {isa = PBXBuildFile; fileRef = 6A4CE14A2A4065560093AFDD /* AddChildView.swift */; };
		6A4CE15B2A4065560093AFDD /* ProfileStudent.swift in Sources */ = {isa = PBXBuildFile; fileRef = 6A4CE14C2A4065560093AFDD /* ProfileStudent.swift */; };
		6A4CE15C2A4065560093AFDD /* HomeView.swift in Sources */ = {isa = PBXBuildFile; fileRef = 6A4CE14D2A4065560093AFDD /* HomeView.swift */; };
		6A4CE15D2A4065560093AFDD /* TabBarView.swift in Sources */ = {isa = PBXBuildFile; fileRef = 6A4CE14E2A4065560093AFDD /* TabBarView.swift */; };
		6A4CE15E2A4065560093AFDD /* ProfileParentView.swift in Sources */ = {isa = PBXBuildFile; fileRef = 6A4CE14F2A4065560093AFDD /* ProfileParentView.swift */; };
		6A4CE1612A40655B0093AFDD /* DataManager.swift in Sources */ = {isa = PBXBuildFile; fileRef = 6A4CE1602A40655B0093AFDD /* DataManager.swift */; };
		6A4CE1692A4065620093AFDD /* TabBarModel.swift in Sources */ = {isa = PBXBuildFile; fileRef = 6A4CE1632A4065620093AFDD /* TabBarModel.swift */; };
		6A4CE16A2A4065620093AFDD /* CartModel.swift in Sources */ = {isa = PBXBuildFile; fileRef = 6A4CE1642A4065620093AFDD /* CartModel.swift */; };
		6A4CE16B2A4065620093AFDD /* StudentModel.swift in Sources */ = {isa = PBXBuildFile; fileRef = 6A4CE1652A4065620093AFDD /* StudentModel.swift */; };
		6A4CE16C2A4065620093AFDD /* SchoolModel.swift in Sources */ = {isa = PBXBuildFile; fileRef = 6A4CE1662A4065620093AFDD /* SchoolModel.swift */; };
		6A4CE16D2A4065620093AFDD /* ExpenseModel.swift in Sources */ = {isa = PBXBuildFile; fileRef = 6A4CE1672A4065620093AFDD /* ExpenseModel.swift */; };
		6A4CE16E2A4065620093AFDD /* ParentModel.swift in Sources */ = {isa = PBXBuildFile; fileRef = 6A4CE1682A4065620093AFDD /* ParentModel.swift */; };
		6A4CE1762A406B4A0093AFDD /* SwiftNFC in Frameworks */ = {isa = PBXBuildFile; productRef = 6A4CE1752A406B4A0093AFDD /* SwiftNFC */; };
		6A4CE1782A40E8AE0093AFDD /* InfoView.swift in Sources */ = {isa = PBXBuildFile; fileRef = 6A4CE1772A40E8AE0093AFDD /* InfoView.swift */; };
		6A4CE17A2A419AE70093AFDD /* WriteToCard.swift in Sources */ = {isa = PBXBuildFile; fileRef = 6A4CE1792A419AE70093AFDD /* WriteToCard.swift */; };
		6A4CE17C2A419BA70093AFDD /* HomePageMView.swift in Sources */ = {isa = PBXBuildFile; fileRef = 6A4CE17B2A419BA70093AFDD /* HomePageMView.swift */; };
		6A4CE17E2A41F3300093AFDD /* ReadCardView.swift in Sources */ = {isa = PBXBuildFile; fileRef = 6A4CE17D2A41F3300093AFDD /* ReadCardView.swift */; };
		6A4CE1802A420B550093AFDD /* SwiftUIView.swift in Sources */ = {isa = PBXBuildFile; fileRef = 6A4CE17F2A420B550093AFDD /* SwiftUIView.swift */; };
		6A4CE1822A423C9B0093AFDD /* ScanView.swift in Sources */ = {isa = PBXBuildFile; fileRef = 6A4CE1812A423C9B0093AFDD /* ScanView.swift */; };
		6A4CE1842A42B69F0093AFDD /* GoogleService-Info.plist in Resources */ = {isa = PBXBuildFile; fileRef = 6A4CE1832A42B69F0093AFDD /* GoogleService-Info.plist */; };
		6A4CE1862A433C7A0093AFDD /* ListenerView.swift in Sources */ = {isa = PBXBuildFile; fileRef = 6A4CE1852A433C7A0093AFDD /* ListenerView.swift */; };
		6A4CE1882A4387190093AFDD /* ItemModel.swift in Sources */ = {isa = PBXBuildFile; fileRef = 6A4CE1872A4387190093AFDD /* ItemModel.swift */; };
/* End PBXBuildFile section */

/* Begin PBXFileReference section */
		06EC53E62A4045DE0002265F /* Magsafna.app */ = {isa = PBXFileReference; explicitFileType = wrapper.application; includeInIndex = 0; path = Magsafna.app; sourceTree = BUILT_PRODUCTS_DIR; };
		06EC53E92A4045DE0002265F /* MagsafnaApp.swift */ = {isa = PBXFileReference; lastKnownFileType = sourcecode.swift; path = MagsafnaApp.swift; sourceTree = "<group>"; };
		06EC53EB2A4045DE0002265F /* ContentView.swift */ = {isa = PBXFileReference; lastKnownFileType = sourcecode.swift; path = ContentView.swift; sourceTree = "<group>"; };
		06EC53ED2A4045DF0002265F /* Assets.xcassets */ = {isa = PBXFileReference; lastKnownFileType = folder.assetcatalog; path = Assets.xcassets; sourceTree = "<group>"; };
		06EC53F02A4045DF0002265F /* Preview Assets.xcassets */ = {isa = PBXFileReference; lastKnownFileType = folder.assetcatalog; path = "Preview Assets.xcassets"; sourceTree = "<group>"; };
		6A4CE1292A40654B0093AFDD /* Play-Regular.ttf */ = {isa = PBXFileReference; lastKnownFileType = file; path = "Play-Regular.ttf"; sourceTree = "<group>"; };
		6A4CE12A2A40654B0093AFDD /* OFL.txt */ = {isa = PBXFileReference; fileEncoding = 4; lastKnownFileType = text; path = OFL.txt; sourceTree = "<group>"; };
		6A4CE12B2A40654B0093AFDD /* Play-Bold.ttf */ = {isa = PBXFileReference; lastKnownFileType = file; path = "Play-Bold.ttf"; sourceTree = "<group>"; };
		6A4CE1302A4065500093AFDD /* CreateAccountButton.swift */ = {isa = PBXFileReference; fileEncoding = 4; lastKnownFileType = sourcecode.swift; path = CreateAccountButton.swift; sourceTree = "<group>"; };
		6A4CE1312A4065500093AFDD /* ProfileHeader.swift */ = {isa = PBXFileReference; fileEncoding = 4; lastKnownFileType = sourcecode.swift; path = ProfileHeader.swift; sourceTree = "<group>"; };
		6A4CE1322A4065500093AFDD /* ResetPasswordView.swift */ = {isa = PBXFileReference; fileEncoding = 4; lastKnownFileType = sourcecode.swift; path = ResetPasswordView.swift; sourceTree = "<group>"; };
		6A4CE1332A4065500093AFDD /* SignOutView.swift */ = {isa = PBXFileReference; fileEncoding = 4; lastKnownFileType = sourcecode.swift; path = SignOutView.swift; sourceTree = "<group>"; };
		6A4CE1342A4065500093AFDD /* GoogleButtonView.swift */ = {isa = PBXFileReference; fileEncoding = 4; lastKnownFileType = sourcecode.swift; path = GoogleButtonView.swift; sourceTree = "<group>"; };
		6A4CE1352A4065500093AFDD /* Haptic.swift */ = {isa = PBXFileReference; fileEncoding = 4; lastKnownFileType = sourcecode.swift; path = Haptic.swift; sourceTree = "<group>"; };
		6A4CE13E2A4065560093AFDD /* SplashScreenView.swift */ = {isa = PBXFileReference; fileEncoding = 4; lastKnownFileType = sourcecode.swift; path = SplashScreenView.swift; sourceTree = "<group>"; };
		6A4CE13F2A4065560093AFDD /* StartingView.swift */ = {isa = PBXFileReference; fileEncoding = 4; lastKnownFileType = sourcecode.swift; path = StartingView.swift; sourceTree = "<group>"; };
		6A4CE1402A4065560093AFDD /* SignUpView.swift */ = {isa = PBXFileReference; fileEncoding = 4; lastKnownFileType = sourcecode.swift; path = SignUpView.swift; sourceTree = "<group>"; };
		6A4CE1412A4065560093AFDD /* OnboardingView.swift */ = {isa = PBXFileReference; fileEncoding = 4; lastKnownFileType = sourcecode.swift; path = OnboardingView.swift; sourceTree = "<group>"; };
		6A4CE1452A4065560093AFDD /* ProfileMView.swift */ = {isa = PBXFileReference; fileEncoding = 4; lastKnownFileType = sourcecode.swift; path = ProfileMView.swift; sourceTree = "<group>"; };
		6A4CE1472A4065560093AFDD /* TabBarMView.swift */ = {isa = PBXFileReference; fileEncoding = 4; lastKnownFileType = sourcecode.swift; path = TabBarMView.swift; sourceTree = "<group>"; };
		6A4CE14A2A4065560093AFDD /* AddChildView.swift */ = {isa = PBXFileReference; fileEncoding = 4; lastKnownFileType = sourcecode.swift; path = AddChildView.swift; sourceTree = "<group>"; };
		6A4CE14C2A4065560093AFDD /* ProfileStudent.swift */ = {isa = PBXFileReference; fileEncoding = 4; lastKnownFileType = sourcecode.swift; path = ProfileStudent.swift; sourceTree = "<group>"; };
		6A4CE14D2A4065560093AFDD /* HomeView.swift */ = {isa = PBXFileReference; fileEncoding = 4; lastKnownFileType = sourcecode.swift; path = HomeView.swift; sourceTree = "<group>"; };
		6A4CE14E2A4065560093AFDD /* TabBarView.swift */ = {isa = PBXFileReference; fileEncoding = 4; lastKnownFileType = sourcecode.swift; path = TabBarView.swift; sourceTree = "<group>"; };
		6A4CE14F2A4065560093AFDD /* ProfileParentView.swift */ = {isa = PBXFileReference; fileEncoding = 4; lastKnownFileType = sourcecode.swift; path = ProfileParentView.swift; sourceTree = "<group>"; };
		6A4CE1602A40655B0093AFDD /* DataManager.swift */ = {isa = PBXFileReference; fileEncoding = 4; lastKnownFileType = sourcecode.swift; path = DataManager.swift; sourceTree = "<group>"; };
		6A4CE1632A4065620093AFDD /* TabBarModel.swift */ = {isa = PBXFileReference; fileEncoding = 4; lastKnownFileType = sourcecode.swift; path = TabBarModel.swift; sourceTree = "<group>"; };
		6A4CE1642A4065620093AFDD /* CartModel.swift */ = {isa = PBXFileReference; fileEncoding = 4; lastKnownFileType = sourcecode.swift; path = CartModel.swift; sourceTree = "<group>"; };
		6A4CE1652A4065620093AFDD /* StudentModel.swift */ = {isa = PBXFileReference; fileEncoding = 4; lastKnownFileType = sourcecode.swift; path = StudentModel.swift; sourceTree = "<group>"; };
		6A4CE1662A4065620093AFDD /* SchoolModel.swift */ = {isa = PBXFileReference; fileEncoding = 4; lastKnownFileType = sourcecode.swift; path = SchoolModel.swift; sourceTree = "<group>"; };
		6A4CE1672A4065620093AFDD /* ExpenseModel.swift */ = {isa = PBXFileReference; fileEncoding = 4; lastKnownFileType = sourcecode.swift; path = ExpenseModel.swift; sourceTree = "<group>"; };
		6A4CE1682A4065620093AFDD /* ParentModel.swift */ = {isa = PBXFileReference; fileEncoding = 4; lastKnownFileType = sourcecode.swift; path = ParentModel.swift; sourceTree = "<group>"; };
		6A4CE1732A4068E80093AFDD /* Magsafna.entitlements */ = {isa = PBXFileReference; lastKnownFileType = text.plist.entitlements; path = Magsafna.entitlements; sourceTree = "<group>"; };
		6A4CE1772A40E8AE0093AFDD /* InfoView.swift */ = {isa = PBXFileReference; lastKnownFileType = sourcecode.swift; path = InfoView.swift; sourceTree = "<group>"; };
		6A4CE1792A419AE70093AFDD /* WriteToCard.swift */ = {isa = PBXFileReference; lastKnownFileType = sourcecode.swift; path = WriteToCard.swift; sourceTree = "<group>"; };
		6A4CE17B2A419BA70093AFDD /* HomePageMView.swift */ = {isa = PBXFileReference; lastKnownFileType = sourcecode.swift; path = HomePageMView.swift; sourceTree = "<group>"; };
		6A4CE17D2A41F3300093AFDD /* ReadCardView.swift */ = {isa = PBXFileReference; lastKnownFileType = sourcecode.swift; path = ReadCardView.swift; sourceTree = "<group>"; };
		6A4CE17F2A420B550093AFDD /* SwiftUIView.swift */ = {isa = PBXFileReference; lastKnownFileType = sourcecode.swift; path = SwiftUIView.swift; sourceTree = "<group>"; };
		6A4CE1812A423C9B0093AFDD /* ScanView.swift */ = {isa = PBXFileReference; lastKnownFileType = sourcecode.swift; path = ScanView.swift; sourceTree = "<group>"; };
		6A4CE1832A42B69F0093AFDD /* GoogleService-Info.plist */ = {isa = PBXFileReference; fileEncoding = 4; lastKnownFileType = text.plist.xml; path = "GoogleService-Info.plist"; sourceTree = "<group>"; };
		6A4CE1852A433C7A0093AFDD /* ListenerView.swift */ = {isa = PBXFileReference; lastKnownFileType = sourcecode.swift; path = ListenerView.swift; sourceTree = "<group>"; };
		6A4CE1872A4387190093AFDD /* ItemModel.swift */ = {isa = PBXFileReference; lastKnownFileType = sourcecode.swift; path = ItemModel.swift; sourceTree = "<group>"; };
/* End PBXFileReference section */

/* Begin PBXFrameworksBuildPhase section */
		06EC53E32A4045DE0002265F /* Frameworks */ = {
			isa = PBXFrameworksBuildPhase;
			buildActionMask = 2147483647;
			files = (
				6A4CE1252A4064910093AFDD /* FirebaseAuth in Frameworks */,
				6A4CE1762A406B4A0093AFDD /* SwiftNFC in Frameworks */,
				6A4CE1272A4064910093AFDD /* FirebaseFirestore in Frameworks */,
			);
			runOnlyForDeploymentPostprocessing = 0;
		};
/* End PBXFrameworksBuildPhase section */

/* Begin PBXGroup section */
		06EC53DD2A4045DE0002265F = {
			isa = PBXGroup;
			children = (
				06EC53E82A4045DE0002265F /* Magsafna */,
				06EC53E72A4045DE0002265F /* Products */,
			);
			sourceTree = "<group>";
		};
		06EC53E72A4045DE0002265F /* Products */ = {
			isa = PBXGroup;
			children = (
				06EC53E62A4045DE0002265F /* Magsafna.app */,
			);
			name = Products;
			sourceTree = "<group>";
		};
		06EC53E82A4045DE0002265F /* Magsafna */ = {
			isa = PBXGroup;
			children = (
				6A4CE1732A4068E80093AFDD /* Magsafna.entitlements */,
				6A4CE1832A42B69F0093AFDD /* GoogleService-Info.plist */,
				06EC53E92A4045DE0002265F /* MagsafnaApp.swift */,
				06EC53EB2A4045DE0002265F /* ContentView.swift */,
				6A4CE1622A4065620093AFDD /* Models */,
				6A4CE15F2A40655B0093AFDD /* ViewModels */,
				6A4CE13C2A4065560093AFDD /* Views */,
				6A4CE12F2A4065500093AFDD /* Compomnents */,
				6A4CE1282A40654B0093AFDD /* Fonts */,
				06EC53ED2A4045DF0002265F /* Assets.xcassets */,
				06EC53EF2A4045DF0002265F /* Preview Content */,
			);
			path = Magsafna;
			sourceTree = "<group>";
		};
		06EC53EF2A4045DF0002265F /* Preview Content */ = {
			isa = PBXGroup;
			children = (
				06EC53F02A4045DF0002265F /* Preview Assets.xcassets */,
			);
			path = "Preview Content";
			sourceTree = "<group>";
		};
		6A4CE1282A40654B0093AFDD /* Fonts */ = {
			isa = PBXGroup;
			children = (
				6A4CE1292A40654B0093AFDD /* Play-Regular.ttf */,
				6A4CE12A2A40654B0093AFDD /* OFL.txt */,
				6A4CE12B2A40654B0093AFDD /* Play-Bold.ttf */,
			);
			path = Fonts;
			sourceTree = "<group>";
		};
		6A4CE12F2A4065500093AFDD /* Compomnents */ = {
			isa = PBXGroup;
			children = (
				6A4CE1302A4065500093AFDD /* CreateAccountButton.swift */,
				6A4CE1312A4065500093AFDD /* ProfileHeader.swift */,
				6A4CE1322A4065500093AFDD /* ResetPasswordView.swift */,
				6A4CE1332A4065500093AFDD /* SignOutView.swift */,
				6A4CE1342A4065500093AFDD /* GoogleButtonView.swift */,
				6A4CE1352A4065500093AFDD /* Haptic.swift */,
			);
			path = Compomnents;
			sourceTree = "<group>";
		};
		6A4CE13C2A4065560093AFDD /* Views */ = {
			isa = PBXGroup;
			children = (
				6A4CE13D2A4065560093AFDD /* StartingViews */,
				6A4CE1492A4065560093AFDD /* Parent */,
				6A4CE1422A4065560093AFDD /* Maqsaf */,
				6A4CE1482A4065560093AFDD /* EditSheets */,
			);
			path = Views;
			sourceTree = "<group>";
		};
		6A4CE13D2A4065560093AFDD /* StartingViews */ = {
			isa = PBXGroup;
			children = (
				6A4CE13E2A4065560093AFDD /* SplashScreenView.swift */,
				6A4CE13F2A4065560093AFDD /* StartingView.swift */,
				6A4CE1402A4065560093AFDD /* SignUpView.swift */,
				6A4CE1412A4065560093AFDD /* OnboardingView.swift */,
				6A4CE1852A433C7A0093AFDD /* ListenerView.swift */,
			);
			path = StartingViews;
			sourceTree = "<group>";
		};
		6A4CE1422A4065560093AFDD /* Maqsaf */ = {
			isa = PBXGroup;
			children = (
				6A4CE1452A4065560093AFDD /* ProfileMView.swift */,
				6A4CE1472A4065560093AFDD /* TabBarMView.swift */,
				6A4CE1772A40E8AE0093AFDD /* InfoView.swift */,
				6A4CE17B2A419BA70093AFDD /* HomePageMView.swift */,
				6A4CE17D2A41F3300093AFDD /* ReadCardView.swift */,
				6A4CE1812A423C9B0093AFDD /* ScanView.swift */,
			);
			path = Maqsaf;
			sourceTree = "<group>";
		};
		6A4CE1482A4065560093AFDD /* EditSheets */ = {
			isa = PBXGroup;
			children = (
			);
			path = EditSheets;
			sourceTree = "<group>";
		};
		6A4CE1492A4065560093AFDD /* Parent */ = {
			isa = PBXGroup;
			children = (
				6A4CE14A2A4065560093AFDD /* AddChildView.swift */,
				6A4CE14C2A4065560093AFDD /* ProfileStudent.swift */,
				6A4CE14D2A4065560093AFDD /* HomeView.swift */,
				6A4CE14E2A4065560093AFDD /* TabBarView.swift */,
				6A4CE14F2A4065560093AFDD /* ProfileParentView.swift */,
				6A4CE1792A419AE70093AFDD /* WriteToCard.swift */,
				6A4CE17F2A420B550093AFDD /* SwiftUIView.swift */,
			);
			path = Parent;
			sourceTree = "<group>";
		};
		6A4CE15F2A40655B0093AFDD /* ViewModels */ = {
			isa = PBXGroup;
			children = (
				6A4CE1602A40655B0093AFDD /* DataManager.swift */,
			);
			path = ViewModels;
			sourceTree = "<group>";
		};
		6A4CE1622A4065620093AFDD /* Models */ = {
			isa = PBXGroup;
			children = (
				6A4CE1632A4065620093AFDD /* TabBarModel.swift */,
				6A4CE1642A4065620093AFDD /* CartModel.swift */,
				6A4CE1652A4065620093AFDD /* StudentModel.swift */,
				6A4CE1662A4065620093AFDD /* SchoolModel.swift */,
				6A4CE1672A4065620093AFDD /* ExpenseModel.swift */,
				6A4CE1682A4065620093AFDD /* ParentModel.swift */,
				6A4CE1872A4387190093AFDD /* ItemModel.swift */,
			);
			path = Models;
			sourceTree = "<group>";
		};
/* End PBXGroup section */

/* Begin PBXNativeTarget section */
		06EC53E52A4045DE0002265F /* Magsafna */ = {
			isa = PBXNativeTarget;
			buildConfigurationList = 06EC53F42A4045DF0002265F /* Build configuration list for PBXNativeTarget "Magsafna" */;
			buildPhases = (
				06EC53E22A4045DE0002265F /* Sources */,
				06EC53E32A4045DE0002265F /* Frameworks */,
				06EC53E42A4045DE0002265F /* Resources */,
			);
			buildRules = (
			);
			dependencies = (
			);
			name = Magsafna;
			packageProductDependencies = (
				6A4CE1242A4064910093AFDD /* FirebaseAuth */,
				6A4CE1262A4064910093AFDD /* FirebaseFirestore */,
				6A4CE1752A406B4A0093AFDD /* SwiftNFC */,
			);
			productName = Magsafna;
			productReference = 06EC53E62A4045DE0002265F /* Magsafna.app */;
			productType = "com.apple.product-type.application";
		};
/* End PBXNativeTarget section */

/* Begin PBXProject section */
		06EC53DE2A4045DE0002265F /* Project object */ = {
			isa = PBXProject;
			attributes = {
				BuildIndependentTargetsInParallel = 1;
				LastSwiftUpdateCheck = 1430;
				LastUpgradeCheck = 1430;
				TargetAttributes = {
					06EC53E52A4045DE0002265F = {
						CreatedOnToolsVersion = 14.3.1;
					};
				};
			};
			buildConfigurationList = 06EC53E12A4045DE0002265F /* Build configuration list for PBXProject "Magsafna" */;
			compatibilityVersion = "Xcode 14.0";
			developmentRegion = en;
			hasScannedForEncodings = 0;
			knownRegions = (
				en,
				Base,
			);
			mainGroup = 06EC53DD2A4045DE0002265F;
			packageReferences = (
				6A4CE1232A4064910093AFDD /* XCRemoteSwiftPackageReference "firebase-ios-sdk" */,
				6A4CE1742A406B4A0093AFDD /* XCRemoteSwiftPackageReference "SwiftNFC" */,
			);
			productRefGroup = 06EC53E72A4045DE0002265F /* Products */;
			projectDirPath = "";
			projectRoot = "";
			targets = (
				06EC53E52A4045DE0002265F /* Magsafna */,
			);
		};
/* End PBXProject section */

/* Begin PBXResourcesBuildPhase section */
		06EC53E42A4045DE0002265F /* Resources */ = {
			isa = PBXResourcesBuildPhase;
			buildActionMask = 2147483647;
			files = (
				06EC53F12A4045DF0002265F /* Preview Assets.xcassets in Resources */,
				6A4CE12E2A40654B0093AFDD /* Play-Bold.ttf in Resources */,
				6A4CE12C2A40654B0093AFDD /* Play-Regular.ttf in Resources */,
				6A4CE12D2A40654B0093AFDD /* OFL.txt in Resources */,
				06EC53EE2A4045DF0002265F /* Assets.xcassets in Resources */,
				6A4CE1842A42B69F0093AFDD /* GoogleService-Info.plist in Resources */,
			);
			runOnlyForDeploymentPostprocessing = 0;
		};
/* End PBXResourcesBuildPhase section */

/* Begin PBXSourcesBuildPhase section */
		06EC53E22A4045DE0002265F /* Sources */ = {
			isa = PBXSourcesBuildPhase;
			buildActionMask = 2147483647;
			files = (
				6A4CE1882A4387190093AFDD /* ItemModel.swift in Sources */,
				6A4CE16E2A4065620093AFDD /* ParentModel.swift in Sources */,
				6A4CE1612A40655B0093AFDD /* DataManager.swift in Sources */,
				6A4CE13B2A4065500093AFDD /* Haptic.swift in Sources */,
				6A4CE1372A4065500093AFDD /* ProfileHeader.swift in Sources */,
				6A4CE1862A433C7A0093AFDD /* ListenerView.swift in Sources */,
				6A4CE17C2A419BA70093AFDD /* HomePageMView.swift in Sources */,
				6A4CE15B2A4065560093AFDD /* ProfileStudent.swift in Sources */,
				6A4CE1502A4065560093AFDD /* SplashScreenView.swift in Sources */,
				06EC53EC2A4045DE0002265F /* ContentView.swift in Sources */,
				6A4CE1562A4065560093AFDD /* ProfileMView.swift in Sources */,
				6A4CE1822A423C9B0093AFDD /* ScanView.swift in Sources */,
				6A4CE16A2A4065620093AFDD /* CartModel.swift in Sources */,
				6A4CE1512A4065560093AFDD /* StartingView.swift in Sources */,
				6A4CE1592A4065560093AFDD /* AddChildView.swift in Sources */,
				6A4CE16D2A4065620093AFDD /* ExpenseModel.swift in Sources */,
				6A4CE1522A4065560093AFDD /* SignUpView.swift in Sources */,
				6A4CE1392A4065500093AFDD /* SignOutView.swift in Sources */,
				6A4CE15E2A4065560093AFDD /* ProfileParentView.swift in Sources */,
				6A4CE15D2A4065560093AFDD /* TabBarView.swift in Sources */,
				6A4CE1382A4065500093AFDD /* ResetPasswordView.swift in Sources */,
				6A4CE17A2A419AE70093AFDD /* WriteToCard.swift in Sources */,
				06EC53EA2A4045DE0002265F /* MagsafnaApp.swift in Sources */,
				6A4CE1532A4065560093AFDD /* OnboardingView.swift in Sources */,
				6A4CE16B2A4065620093AFDD /* StudentModel.swift in Sources */,
				6A4CE1782A40E8AE0093AFDD /* InfoView.swift in Sources */,
				6A4CE15C2A4065560093AFDD /* HomeView.swift in Sources */,
				6A4CE1692A4065620093AFDD /* TabBarModel.swift in Sources */,
				6A4CE1582A4065560093AFDD /* TabBarMView.swift in Sources */,
				6A4CE1802A420B550093AFDD /* SwiftUIView.swift in Sources */,
				6A4CE17E2A41F3300093AFDD /* ReadCardView.swift in Sources */,
				6A4CE16C2A4065620093AFDD /* SchoolModel.swift in Sources */,
				6A4CE13A2A4065500093AFDD /* GoogleButtonView.swift in Sources */,
				6A4CE1362A4065500093AFDD /* CreateAccountButton.swift in Sources */,
			);
			runOnlyForDeploymentPostprocessing = 0;
		};
/* End PBXSourcesBuildPhase section */

/* Begin XCBuildConfiguration section */
		06EC53F22A4045DF0002265F /* Debug */ = {
			isa = XCBuildConfiguration;
			buildSettings = {
				ALWAYS_SEARCH_USER_PATHS = NO;
				CLANG_ANALYZER_NONNULL = YES;
				CLANG_ANALYZER_NUMBER_OBJECT_CONVERSION = YES_AGGRESSIVE;
				CLANG_CXX_LANGUAGE_STANDARD = "gnu++20";
				CLANG_ENABLE_MODULES = YES;
				CLANG_ENABLE_OBJC_ARC = YES;
				CLANG_ENABLE_OBJC_WEAK = YES;
				CLANG_WARN_BLOCK_CAPTURE_AUTORELEASING = YES;
				CLANG_WARN_BOOL_CONVERSION = YES;
				CLANG_WARN_COMMA = YES;
				CLANG_WARN_CONSTANT_CONVERSION = YES;
				CLANG_WARN_DEPRECATED_OBJC_IMPLEMENTATIONS = YES;
				CLANG_WARN_DIRECT_OBJC_ISA_USAGE = YES_ERROR;
				CLANG_WARN_DOCUMENTATION_COMMENTS = YES;
				CLANG_WARN_EMPTY_BODY = YES;
				CLANG_WARN_ENUM_CONVERSION = YES;
				CLANG_WARN_INFINITE_RECURSION = YES;
				CLANG_WARN_INT_CONVERSION = YES;
				CLANG_WARN_NON_LITERAL_NULL_CONVERSION = YES;
				CLANG_WARN_OBJC_IMPLICIT_RETAIN_SELF = YES;
				CLANG_WARN_OBJC_LITERAL_CONVERSION = YES;
				CLANG_WARN_OBJC_ROOT_CLASS = YES_ERROR;
				CLANG_WARN_QUOTED_INCLUDE_IN_FRAMEWORK_HEADER = YES;
				CLANG_WARN_RANGE_LOOP_ANALYSIS = YES;
				CLANG_WARN_STRICT_PROTOTYPES = YES;
				CLANG_WARN_SUSPICIOUS_MOVE = YES;
				CLANG_WARN_UNGUARDED_AVAILABILITY = YES_AGGRESSIVE;
				CLANG_WARN_UNREACHABLE_CODE = YES;
				CLANG_WARN__DUPLICATE_METHOD_MATCH = YES;
				COPY_PHASE_STRIP = NO;
				DEBUG_INFORMATION_FORMAT = dwarf;
				ENABLE_STRICT_OBJC_MSGSEND = YES;
				ENABLE_TESTABILITY = YES;
				GCC_C_LANGUAGE_STANDARD = gnu11;
				GCC_DYNAMIC_NO_PIC = NO;
				GCC_NO_COMMON_BLOCKS = YES;
				GCC_OPTIMIZATION_LEVEL = 0;
				GCC_PREPROCESSOR_DEFINITIONS = (
					"DEBUG=1",
					"$(inherited)",
				);
				GCC_WARN_64_TO_32_BIT_CONVERSION = YES;
				GCC_WARN_ABOUT_RETURN_TYPE = YES_ERROR;
				GCC_WARN_UNDECLARED_SELECTOR = YES;
				GCC_WARN_UNINITIALIZED_AUTOS = YES_AGGRESSIVE;
				GCC_WARN_UNUSED_FUNCTION = YES;
				GCC_WARN_UNUSED_VARIABLE = YES;
				IPHONEOS_DEPLOYMENT_TARGET = 16.4;
				MTL_ENABLE_DEBUG_INFO = INCLUDE_SOURCE;
				MTL_FAST_MATH = YES;
				ONLY_ACTIVE_ARCH = YES;
				SDKROOT = iphoneos;
				SWIFT_ACTIVE_COMPILATION_CONDITIONS = DEBUG;
				SWIFT_OPTIMIZATION_LEVEL = "-Onone";
			};
			name = Debug;
		};
		06EC53F32A4045DF0002265F /* Release */ = {
			isa = XCBuildConfiguration;
			buildSettings = {
				ALWAYS_SEARCH_USER_PATHS = NO;
				CLANG_ANALYZER_NONNULL = YES;
				CLANG_ANALYZER_NUMBER_OBJECT_CONVERSION = YES_AGGRESSIVE;
				CLANG_CXX_LANGUAGE_STANDARD = "gnu++20";
				CLANG_ENABLE_MODULES = YES;
				CLANG_ENABLE_OBJC_ARC = YES;
				CLANG_ENABLE_OBJC_WEAK = YES;
				CLANG_WARN_BLOCK_CAPTURE_AUTORELEASING = YES;
				CLANG_WARN_BOOL_CONVERSION = YES;
				CLANG_WARN_COMMA = YES;
				CLANG_WARN_CONSTANT_CONVERSION = YES;
				CLANG_WARN_DEPRECATED_OBJC_IMPLEMENTATIONS = YES;
				CLANG_WARN_DIRECT_OBJC_ISA_USAGE = YES_ERROR;
				CLANG_WARN_DOCUMENTATION_COMMENTS = YES;
				CLANG_WARN_EMPTY_BODY = YES;
				CLANG_WARN_ENUM_CONVERSION = YES;
				CLANG_WARN_INFINITE_RECURSION = YES;
				CLANG_WARN_INT_CONVERSION = YES;
				CLANG_WARN_NON_LITERAL_NULL_CONVERSION = YES;
				CLANG_WARN_OBJC_IMPLICIT_RETAIN_SELF = YES;
				CLANG_WARN_OBJC_LITERAL_CONVERSION = YES;
				CLANG_WARN_OBJC_ROOT_CLASS = YES_ERROR;
				CLANG_WARN_QUOTED_INCLUDE_IN_FRAMEWORK_HEADER = YES;
				CLANG_WARN_RANGE_LOOP_ANALYSIS = YES;
				CLANG_WARN_STRICT_PROTOTYPES = YES;
				CLANG_WARN_SUSPICIOUS_MOVE = YES;
				CLANG_WARN_UNGUARDED_AVAILABILITY = YES_AGGRESSIVE;
				CLANG_WARN_UNREACHABLE_CODE = YES;
				CLANG_WARN__DUPLICATE_METHOD_MATCH = YES;
				COPY_PHASE_STRIP = NO;
				DEBUG_INFORMATION_FORMAT = "dwarf-with-dsym";
				ENABLE_NS_ASSERTIONS = NO;
				ENABLE_STRICT_OBJC_MSGSEND = YES;
				GCC_C_LANGUAGE_STANDARD = gnu11;
				GCC_NO_COMMON_BLOCKS = YES;
				GCC_WARN_64_TO_32_BIT_CONVERSION = YES;
				GCC_WARN_ABOUT_RETURN_TYPE = YES_ERROR;
				GCC_WARN_UNDECLARED_SELECTOR = YES;
				GCC_WARN_UNINITIALIZED_AUTOS = YES_AGGRESSIVE;
				GCC_WARN_UNUSED_FUNCTION = YES;
				GCC_WARN_UNUSED_VARIABLE = YES;
				IPHONEOS_DEPLOYMENT_TARGET = 16.4;
				MTL_ENABLE_DEBUG_INFO = NO;
				MTL_FAST_MATH = YES;
				SDKROOT = iphoneos;
				SWIFT_COMPILATION_MODE = wholemodule;
				SWIFT_OPTIMIZATION_LEVEL = "-O";
				VALIDATE_PRODUCT = YES;
			};
			name = Release;
		};
		06EC53F52A4045DF0002265F /* Debug */ = {
			isa = XCBuildConfiguration;
			buildSettings = {
				ASSETCATALOG_COMPILER_APPICON_NAME = AppIcon;
				ASSETCATALOG_COMPILER_GLOBAL_ACCENT_COLOR_NAME = AccentColor;
				CODE_SIGN_ENTITLEMENTS = Magsafna/Magsafna.entitlements;
				CODE_SIGN_STYLE = Automatic;
				CURRENT_PROJECT_VERSION = 1;
				DEVELOPMENT_ASSET_PATHS = "\"Magsafna/Preview Content\"";
				DEVELOPMENT_TEAM = RVKBN5RV4F;
				ENABLE_PREVIEWS = YES;
				GENERATE_INFOPLIST_FILE = YES;
				INFOPLIST_KEY_NFCReaderUsageDescription = "Use NFC to read and write data.";
				INFOPLIST_KEY_UIApplicationSceneManifest_Generation = YES;
				INFOPLIST_KEY_UIApplicationSupportsIndirectInputEvents = YES;
				INFOPLIST_KEY_UILaunchScreen_Generation = YES;
				INFOPLIST_KEY_UISupportedInterfaceOrientations_iPad = "UIInterfaceOrientationPortrait UIInterfaceOrientationPortraitUpsideDown UIInterfaceOrientationLandscapeLeft UIInterfaceOrientationLandscapeRight";
				INFOPLIST_KEY_UISupportedInterfaceOrientations_iPhone = "UIInterfaceOrientationPortrait UIInterfaceOrientationLandscapeLeft UIInterfaceOrientationLandscapeRight";
				LD_RUNPATH_SEARCH_PATHS = (
					"$(inherited)",
					"@executable_path/Frameworks",
				);
				MARKETING_VERSION = 1.0;
				PRODUCT_BUNDLE_IDENTIFIER = "com.razan-Lujain.Magsafna";
				PRODUCT_NAME = "$(TARGET_NAME)";
				SWIFT_EMIT_LOC_STRINGS = YES;
				SWIFT_VERSION = 5.0;
				TARGETED_DEVICE_FAMILY = "1,2";
			};
			name = Debug;
		};
		06EC53F62A4045DF0002265F /* Release */ = {
			isa = XCBuildConfiguration;
			buildSettings = {
				ASSETCATALOG_COMPILER_APPICON_NAME = AppIcon;
				ASSETCATALOG_COMPILER_GLOBAL_ACCENT_COLOR_NAME = AccentColor;
				CODE_SIGN_ENTITLEMENTS = Magsafna/Magsafna.entitlements;
				CODE_SIGN_STYLE = Automatic;
				CURRENT_PROJECT_VERSION = 1;
				DEVELOPMENT_ASSET_PATHS = "\"Magsafna/Preview Content\"";
				DEVELOPMENT_TEAM = RVKBN5RV4F;
				ENABLE_PREVIEWS = YES;
				GENERATE_INFOPLIST_FILE = YES;
				INFOPLIST_KEY_NFCReaderUsageDescription = "Use NFC to read and write data.";
				INFOPLIST_KEY_UIApplicationSceneManifest_Generation = YES;
				INFOPLIST_KEY_UIApplicationSupportsIndirectInputEvents = YES;
				INFOPLIST_KEY_UILaunchScreen_Generation = YES;
				INFOPLIST_KEY_UISupportedInterfaceOrientations_iPad = "UIInterfaceOrientationPortrait UIInterfaceOrientationPortraitUpsideDown UIInterfaceOrientationLandscapeLeft UIInterfaceOrientationLandscapeRight";
				INFOPLIST_KEY_UISupportedInterfaceOrientations_iPhone = "UIInterfaceOrientationPortrait UIInterfaceOrientationLandscapeLeft UIInterfaceOrientationLandscapeRight";
				LD_RUNPATH_SEARCH_PATHS = (
					"$(inherited)",
					"@executable_path/Frameworks",
				);
				MARKETING_VERSION = 1.0;
				PRODUCT_BUNDLE_IDENTIFIER = "com.razan-Lujain.Magsafna";
				PRODUCT_NAME = "$(TARGET_NAME)";
				SWIFT_EMIT_LOC_STRINGS = YES;
				SWIFT_VERSION = 5.0;
				TARGETED_DEVICE_FAMILY = "1,2";
			};
			name = Release;
		};
/* End XCBuildConfiguration section */

/* Begin XCConfigurationList section */
		06EC53E12A4045DE0002265F /* Build configuration list for PBXProject "Magsafna" */ = {
			isa = XCConfigurationList;
			buildConfigurations = (
				06EC53F22A4045DF0002265F /* Debug */,
				06EC53F32A4045DF0002265F /* Release */,
			);
			defaultConfigurationIsVisible = 0;
			defaultConfigurationName = Release;
		};
		06EC53F42A4045DF0002265F /* Build configuration list for PBXNativeTarget "Magsafna" */ = {
			isa = XCConfigurationList;
			buildConfigurations = (
				06EC53F52A4045DF0002265F /* Debug */,
				06EC53F62A4045DF0002265F /* Release */,
			);
			defaultConfigurationIsVisible = 0;
			defaultConfigurationName = Release;
		};
/* End XCConfigurationList section */

/* Begin XCRemoteSwiftPackageReference section */
		6A4CE1232A4064910093AFDD /* XCRemoteSwiftPackageReference "firebase-ios-sdk" */ = {
			isa = XCRemoteSwiftPackageReference;
			repositoryURL = "https://github.com/firebase/firebase-ios-sdk.git";
			requirement = {
				kind = upToNextMajorVersion;
				minimumVersion = 10.0.0;
			};
		};
		6A4CE1742A406B4A0093AFDD /* XCRemoteSwiftPackageReference "SwiftNFC" */ = {
			isa = XCRemoteSwiftPackageReference;
			repositoryURL = "https://github.com/1998code/SwiftNFC?ref=iosexample.com";
			requirement = {
				kind = upToNextMajorVersion;
				minimumVersion = 1.0.0;
			};
		};
/* End XCRemoteSwiftPackageReference section */

/* Begin XCSwiftPackageProductDependency section */
		6A4CE1242A4064910093AFDD /* FirebaseAuth */ = {
			isa = XCSwiftPackageProductDependency;
			package = 6A4CE1232A4064910093AFDD /* XCRemoteSwiftPackageReference "firebase-ios-sdk" */;
			productName = FirebaseAuth;
		};
		6A4CE1262A4064910093AFDD /* FirebaseFirestore */ = {
			isa = XCSwiftPackageProductDependency;
			package = 6A4CE1232A4064910093AFDD /* XCRemoteSwiftPackageReference "firebase-ios-sdk" */;
			productName = FirebaseFirestore;
		};
		6A4CE1752A406B4A0093AFDD /* SwiftNFC */ = {
			isa = XCSwiftPackageProductDependency;
			package = 6A4CE1742A406B4A0093AFDD /* XCRemoteSwiftPackageReference "SwiftNFC" */;
			productName = SwiftNFC;
		};
/* End XCSwiftPackageProductDependency section */
	};
	rootObject = 06EC53DE2A4045DE0002265F /* Project object */;
}
